
Microsoft Visual Studio Solution File, Format Version 12.00
# Visual Studio Version 17
VisualStudioVersion = 17.4.33213.308
MinimumVisualStudioVersion = 10.0.40219.1
Project("{FAE04EC0-301F-11D3-BF4B-00C04F79EFBC}") = "TravelTeamAPI", "TravelTeamAPI\TravelTeamAPI.csproj", "{25271402-4F71-44A9-A6A9-81A61AE4200C}"
EndProject
Project("{FAE04EC0-301F-11D3-BF4B-00C04F79EFBC}") = "UnitTestProject", "UnitTestProject\UnitTestProject.csproj", "{D139B459-891F-4AEB-B4F5-0CF9B77529C2}"
EndProject
Project("{FAE04EC0-301F-11D3-BF4B-00C04F79EFBC}") = "Entities", "Entities\Entities.csproj", "{817DEFDA-0570-4B48-845D-1080C673EA0B}"
EndProject
Global
	GlobalSection(SolutionConfigurationPlatforms) = preSolution
		Debug|Any CPU = Debug|Any CPU
		Release|Any CPU = Release|Any CPU
	EndGlobalSection
	GlobalSection(ProjectConfigurationPlatforms) = postSolution
		{25271402-4F71-44A9-A6A9-81A61AE4200C}.Debug|Any CPU.ActiveCfg = Debug|Any CPU
		{25271402-4F71-44A9-A6A9-81A61AE4200C}.Debug|Any CPU.Build.0 = Debug|Any CPU
		{25271402-4F71-44A9-A6A9-81A61AE4200C}.Release|Any CPU.ActiveCfg = Release|Any CPU
		{25271402-4F71-44A9-A6A9-81A61AE4200C}.Release|Any CPU.Build.0 = Release|Any CPU
		{D139B459-891F-4AEB-B4F5-0CF9B77529C2}.Debug|Any CPU.ActiveCfg = Debug|Any CPU
		{D139B459-891F-4AEB-B4F5-0CF9B77529C2}.Debug|Any CPU.Build.0 = Debug|Any CPU
		{D139B459-891F-4AEB-B4F5-0CF9B77529C2}.Release|Any CPU.ActiveCfg = Release|Any CPU
		{D139B459-891F-4AEB-B4F5-0CF9B77529C2}.Release|Any CPU.Build.0 = Release|Any CPU
		{817DEFDA-0570-4B48-845D-1080C673EA0B}.Debug|Any CPU.ActiveCfg = Debug|Any CPU
		{817DEFDA-0570-4B48-845D-1080C673EA0B}.Debug|Any CPU.Build.0 = Debug|Any CPU
		{817DEFDA-0570-4B48-845D-1080C673EA0B}.Release|Any CPU.ActiveCfg = Release|Any CPU
		{817DEFDA-0570-4B48-845D-1080C673EA0B}.Release|Any CPU.Build.0 = Release|Any CPU
	EndGlobalSection
	GlobalSection(SolutionProperties) = preSolution
		HideSolutionNode = FALSE
	EndGlobalSection
	GlobalSection(ExtensibilityGlobals) = postSolution
		SolutionGuid = {E2162EF6-DB07-40EF-88A4-72B3B99BF4FD}
	EndGlobalSection
EndGlobal
